// !$*UTF8*$!
{
	archiveVersion = 1;
	classes = {
	};
	objectVersion = 52;
	objects = {

/* Begin PBXBuildFile section */
		5D6C5C4423ECA6BD00853061 /* AppDelegate.swift in Sources */ = {isa = PBXBuildFile; fileRef = 5D6C5C4323ECA6BD00853061 /* AppDelegate.swift */; };
		5D6C5C4623ECA6BD00853061 /* SceneDelegate.swift in Sources */ = {isa = PBXBuildFile; fileRef = 5D6C5C4523ECA6BD00853061 /* SceneDelegate.swift */; };
		5D6C5C4823ECA6BD00853061 /* ViewController.swift in Sources */ = {isa = PBXBuildFile; fileRef = 5D6C5C4723ECA6BD00853061 /* ViewController.swift */; };
		5D6C5C4B23ECA6BD00853061 /* Main.storyboard in Resources */ = {isa = PBXBuildFile; fileRef = 5D6C5C4923ECA6BD00853061 /* Main.storyboard */; };
		5D6C5C4D23ECA6BE00853061 /* Assets.xcassets in Resources */ = {isa = PBXBuildFile; fileRef = 5D6C5C4C23ECA6BE00853061 /* Assets.xcassets */; };
		5D6C5C5023ECA6BE00853061 /* LaunchScreen.storyboard in Resources */ = {isa = PBXBuildFile; fileRef = 5D6C5C4E23ECA6BE00853061 /* LaunchScreen.storyboard */; };
		5D6C5C6523ECC2A600853061 /* CombineRealm in Frameworks */ = {isa = PBXBuildFile; productRef = 5D6C5C6423ECC2A600853061 /* CombineRealm */; };
		5D6C5C6723ECD1A800853061 /* Models.swift in Sources */ = {isa = PBXBuildFile; fileRef = 5D6C5C6623ECD1A800853061 /* Models.swift */; };
/* End PBXBuildFile section */

/* Begin PBXFileReference section */
		5D6C5C4023ECA6BD00853061 /* Example.app */ = {isa = PBXFileReference; explicitFileType = wrapper.application; includeInIndex = 0; path = Example.app; sourceTree = BUILT_PRODUCTS_DIR; };
		5D6C5C4323ECA6BD00853061 /* AppDelegate.swift */ = {isa = PBXFileReference; lastKnownFileType = sourcecode.swift; path = AppDelegate.swift; sourceTree = "<group>"; };
		5D6C5C4523ECA6BD00853061 /* SceneDelegate.swift */ = {isa = PBXFileReference; lastKnownFileType = sourcecode.swift; path = SceneDelegate.swift; sourceTree = "<group>"; };
		5D6C5C4723ECA6BD00853061 /* ViewController.swift */ = {isa = PBXFileReference; lastKnownFileType = sourcecode.swift; path = ViewController.swift; sourceTree = "<group>"; };
		5D6C5C4A23ECA6BD00853061 /* Base */ = {isa = PBXFileReference; lastKnownFileType = file.storyboard; name = Base; path = Base.lproj/Main.storyboard; sourceTree = "<group>"; };
		5D6C5C4C23ECA6BE00853061 /* Assets.xcassets */ = {isa = PBXFileReference; lastKnownFileType = folder.assetcatalog; path = Assets.xcassets; sourceTree = "<group>"; };
		5D6C5C4F23ECA6BE00853061 /* Base */ = {isa = PBXFileReference; lastKnownFileType = file.storyboard; name = Base; path = Base.lproj/LaunchScreen.storyboard; sourceTree = "<group>"; };
		5D6C5C5123ECA6BE00853061 /* Info.plist */ = {isa = PBXFileReference; lastKnownFileType = text.plist.xml; path = Info.plist; sourceTree = "<group>"; };
		5D6C5C6623ECD1A800853061 /* Models.swift */ = {isa = PBXFileReference; lastKnownFileType = sourcecode.swift; path = Models.swift; sourceTree = "<group>"; };
/* End PBXFileReference section */

/* Begin PBXFrameworksBuildPhase section */
		5D6C5C3D23ECA6BD00853061 /* Frameworks */ = {
			isa = PBXFrameworksBuildPhase;
			buildActionMask = 2147483647;
			files = (
				5D6C5C6523ECC2A600853061 /* CombineRealm in Frameworks */,
			);
			runOnlyForDeploymentPostprocessing = 0;
		};
/* End PBXFrameworksBuildPhase section */

/* Begin PBXGroup section */
		5D6C5C3723ECA6BD00853061 = {
			isa = PBXGroup;
			children = (
				5D6C5C4223ECA6BD00853061 /* Example */,
				5D6C5C4123ECA6BD00853061 /* Products */,
			);
			sourceTree = "<group>";
		};
		5D6C5C4123ECA6BD00853061 /* Products */ = {
			isa = PBXGroup;
			children = (
				5D6C5C4023ECA6BD00853061 /* Example.app */,
			);
			name = Products;
			sourceTree = "<group>";
		};
		5D6C5C4223ECA6BD00853061 /* Example */ = {
			isa = PBXGroup;
			children = (
				5D6C5C4323ECA6BD00853061 /* AppDelegate.swift */,
				5D6C5C4523ECA6BD00853061 /* SceneDelegate.swift */,
				5D6C5C4723ECA6BD00853061 /* ViewController.swift */,
				5D6C5C6623ECD1A800853061 /* Models.swift */,
				5D6C5C4923ECA6BD00853061 /* Main.storyboard */,
				5D6C5C4C23ECA6BE00853061 /* Assets.xcassets */,
				5D6C5C4E23ECA6BE00853061 /* LaunchScreen.storyboard */,
				5D6C5C5123ECA6BE00853061 /* Info.plist */,
			);
			path = Example;
			sourceTree = "<group>";
		};
/* End PBXGroup section */

/* Begin PBXNativeTarget section */
		5D6C5C3F23ECA6BD00853061 /* Example */ = {
			isa = PBXNativeTarget;
			buildConfigurationList = 5D6C5C5423ECA6BE00853061 /* Build configuration list for PBXNativeTarget "Example" */;
			buildPhases = (
				5D6C5C3C23ECA6BD00853061 /* Sources */,
				5D6C5C3D23ECA6BD00853061 /* Frameworks */,
				5D6C5C3E23ECA6BD00853061 /* Resources */,
			);
			buildRules = (
			);
			dependencies = (
			);
			name = Example;
			packageProductDependencies = (
				5D6C5C6423ECC2A600853061 /* CombineRealm */,
			);
			productName = Example;
			productReference = 5D6C5C4023ECA6BD00853061 /* Example.app */;
			productType = "com.apple.product-type.application";
		};
/* End PBXNativeTarget section */

/* Begin PBXProject section */
		5D6C5C3823ECA6BD00853061 /* Project object */ = {
			isa = PBXProject;
			attributes = {
				LastSwiftUpdateCheck = 1130;
				LastUpgradeCheck = 1130;
				ORGANIZATIONNAME = "István Kreisz";
				TargetAttributes = {
					5D6C5C3F23ECA6BD00853061 = {
						CreatedOnToolsVersion = 11.3.1;
					};
				};
			};
			buildConfigurationList = 5D6C5C3B23ECA6BD00853061 /* Build configuration list for PBXProject "Example" */;
			compatibilityVersion = "Xcode 9.3";
			developmentRegion = en;
			hasScannedForEncodings = 0;
			knownRegions = (
				en,
				Base,
			);
			mainGroup = 5D6C5C3723ECA6BD00853061;
			packageReferences = (
				5D6C5C6323ECC2A600853061 /* XCRemoteSwiftPackageReference "CombineRealm" */,
			);
			productRefGroup = 5D6C5C4123ECA6BD00853061 /* Products */;
			projectDirPath = "";
			projectRoot = "";
			targets = (
				5D6C5C3F23ECA6BD00853061 /* Example */,
			);
		};
/* End PBXProject section */

/* Begin PBXResourcesBuildPhase section */
		5D6C5C3E23ECA6BD00853061 /* Resources */ = {
			isa = PBXResourcesBuildPhase;
			buildActionMask = 2147483647;
			files = (
				5D6C5C5023ECA6BE00853061 /* LaunchScreen.storyboard in Resources */,
				5D6C5C4D23ECA6BE00853061 /* Assets.xcassets in Resources */,
				5D6C5C4B23ECA6BD00853061 /* Main.storyboard in Resources */,
			);
			runOnlyForDeploymentPostprocessing = 0;
		};
/* End PBXResourcesBuildPhase section */

/* Begin PBXSourcesBuildPhase section */
		5D6C5C3C23ECA6BD00853061 /* Sources */ = {
			isa = PBXSourcesBuildPhase;
			buildActionMask = 2147483647;
			files = (
				5D6C5C4823ECA6BD00853061 /* ViewController.swift in Sources */,
				5D6C5C4423ECA6BD00853061 /* AppDelegate.swift in Sources */,
				5D6C5C4623ECA6BD00853061 /* SceneDelegate.swift in Sources */,
				5D6C5C6723ECD1A800853061 /* Models.swift in Sources */,
			);
			runOnlyForDeploymentPostprocessing = 0;
		};
/* End PBXSourcesBuildPhase section */

/* Begin PBXVariantGroup section */
		5D6C5C4923ECA6BD00853061 /* Main.storyboard */ = {
			isa = PBXVariantGroup;
			children = (
				5D6C5C4A23ECA6BD00853061 /* Base */,
			);
			name = Main.storyboard;
			sourceTree = "<group>";
		};
		5D6C5C4E23ECA6BE00853061 /* LaunchScreen.storyboard */ = {
			isa = PBXVariantGroup;
			children = (
				5D6C5C4F23ECA6BE00853061 /* Base */,
			);
			name = LaunchScreen.storyboard;
			sourceTree = "<group>";
		};
/* End PBXVariantGroup section */

/* Begin XCBuildConfiguration section */
		5D6C5C5223ECA6BE00853061 /* Debug */ = {
			isa = XCBuildConfiguration;
			buildSettings = {
				ALWAYS_SEARCH_USER_PATHS = NO;
				CLANG_ANALYZER_NONNULL = YES;
				CLANG_ANALYZER_NUMBER_OBJECT_CONVERSION = YES_AGGRESSIVE;
				CLANG_CXX_LANGUAGE_STANDARD = "gnu++14";
				CLANG_CXX_LIBRARY = "libc++";
				CLANG_ENABLE_MODULES = YES;
				CLANG_ENABLE_OBJC_ARC = YES;
				CLANG_ENABLE_OBJC_WEAK = YES;
				CLANG_WARN_BLOCK_CAPTURE_AUTORELEASING = YES;
				CLANG_WARN_BOOL_CONVERSION = YES;
				CLANG_WARN_COMMA = YES;
				CLANG_WARN_CONSTANT_CONVERSION = YES;
				CLANG_WARN_DEPRECATED_OBJC_IMPLEMENTATIONS = YES;
				CLANG_WARN_DIRECT_OBJC_ISA_USAGE = YES_ERROR;
				CLANG_WARN_DOCUMENTATION_COMMENTS = YES;
				CLANG_WARN_EMPTY_BODY = YES;
				CLANG_WARN_ENUM_CONVERSION = YES;
				CLANG_WARN_INFINITE_RECURSION = YES;
				CLANG_WARN_INT_CONVERSION = YES;
				CLANG_WARN_NON_LITERAL_NULL_CONVERSION = YES;
				CLANG_WARN_OBJC_IMPLICIT_RETAIN_SELF = YES;
				CLANG_WARN_OBJC_LITERAL_CONVERSION = YES;
				CLANG_WARN_OBJC_ROOT_CLASS = YES_ERROR;
				CLANG_WARN_RANGE_LOOP_ANALYSIS = YES;
				CLANG_WARN_STRICT_PROTOTYPES = YES;
				CLANG_WARN_SUSPICIOUS_MOVE = YES;
				CLANG_WARN_UNGUARDED_AVAILABILITY = YES_AGGRESSIVE;
				CLANG_WARN_UNREACHABLE_CODE = YES;
				CLANG_WARN__DUPLICATE_METHOD_MATCH = YES;
				COPY_PHASE_STRIP = NO;
				DEBUG_INFORMATION_FORMAT = dwarf;
				ENABLE_STRICT_OBJC_MSGSEND = YES;
				ENABLE_TESTABILITY = YES;
				GCC_C_LANGUAGE_STANDARD = gnu11;
				GCC_DYNAMIC_NO_PIC = NO;
				GCC_NO_COMMON_BLOCKS = YES;
				GCC_OPTIMIZATION_LEVEL = 0;
				GCC_PREPROCESSOR_DEFINITIONS = (
					"DEBUG=1",
					"$(inherited)",
				);
				GCC_WARN_64_TO_32_BIT_CONVERSION = YES;
				GCC_WARN_ABOUT_RETURN_TYPE = YES_ERROR;
				GCC_WARN_UNDECLARED_SELECTOR = YES;
				GCC_WARN_UNINITIALIZED_AUTOS = YES_AGGRESSIVE;
				GCC_WARN_UNUSED_FUNCTION = YES;
				GCC_WARN_UNUSED_VARIABLE = YES;
				IPHONEOS_DEPLOYMENT_TARGET = 13.2;
				MTL_ENABLE_DEBUG_INFO = INCLUDE_SOURCE;
				MTL_FAST_MATH = YES;
				ONLY_ACTIVE_ARCH = YES;
				SDKROOT = iphoneos;
				SWIFT_ACTIVE_COMPILATION_CONDITIONS = DEBUG;
				SWIFT_OPTIMIZATION_LEVEL = "-Onone";
			};
			name = Debug;
		};
		5D6C5C5323ECA6BE00853061 /* Release */ = {
			isa = XCBuildConfiguration;
			buildSettings = {
				ALWAYS_SEARCH_USER_PATHS = NO;
				CLANG_ANALYZER_NONNULL = YES;
				CLANG_ANALYZER_NUMBER_OBJECT_CONVERSION = YES_AGGRESSIVE;
				CLANG_CXX_LANGUAGE_STANDARD = "gnu++14";
				CLANG_CXX_LIBRARY = "libc++";
				CLANG_ENABLE_MODULES = YES;
				CLANG_ENABLE_OBJC_ARC = YES;
				CLANG_ENABLE_OBJC_WEAK = YES;
				CLANG_WARN_BLOCK_CAPTURE_AUTORELEASING = YES;
				CLANG_WARN_BOOL_CONVERSION = YES;
				CLANG_WARN_COMMA = YES;
				CLANG_WARN_CONSTANT_CONVERSION = YES;
				CLANG_WARN_DEPRECATED_OBJC_IMPLEMENTATIONS = YES;
				CLANG_WARN_DIRECT_OBJC_ISA_USAGE = YES_ERROR;
				CLANG_WARN_DOCUMENTATION_COMMENTS = YES;
				CLANG_WARN_EMPTY_BODY = YES;
				CLANG_WARN_ENUM_CONVERSION = YES;
				CLANG_WARN_INFINITE_RECURSION = YES;
				CLANG_WARN_INT_CONVERSION = YES;
				CLANG_WARN_NON_LITERAL_NULL_CONVERSION = YES;
				CLANG_WARN_OBJC_IMPLICIT_RETAIN_SELF = YES;
				CLANG_WARN_OBJC_LITERAL_CONVERSION = YES;
				CLANG_WARN_OBJC_ROOT_CLASS = YES_ERROR;
				CLANG_WARN_RANGE_LOOP_ANALYSIS = YES;
				CLANG_WARN_STRICT_PROTOTYPES = YES;
				CLANG_WARN_SUSPICIOUS_MOVE = YES;
				CLANG_WARN_UNGUARDED_AVAILABILITY = YES_AGGRESSIVE;
				CLANG_WARN_UNREACHABLE_CODE = YES;
				CLANG_WARN__DUPLICATE_METHOD_MATCH = YES;
				COPY_PHASE_STRIP = NO;
				DEBUG_INFORMATION_FORMAT = "dwarf-with-dsym";
				ENABLE_NS_ASSERTIONS = NO;
				ENABLE_STRICT_OBJC_MSGSEND = YES;
				GCC_C_LANGUAGE_STANDARD = gnu11;
				GCC_NO_COMMON_BLOCKS = YES;
				GCC_WARN_64_TO_32_BIT_CONVERSION = YES;
				GCC_WARN_ABOUT_RETURN_TYPE = YES_ERROR;
				GCC_WARN_UNDECLARED_SELECTOR = YES;
				GCC_WARN_UNINITIALIZED_AUTOS = YES_AGGRESSIVE;
				GCC_WARN_UNUSED_FUNCTION = YES;
				GCC_WARN_UNUSED_VARIABLE = YES;
				IPHONEOS_DEPLOYMENT_TARGET = 13.2;
				MTL_ENABLE_DEBUG_INFO = NO;
				MTL_FAST_MATH = YES;
				SDKROOT = iphoneos;
				SWIFT_COMPILATION_MODE = wholemodule;
				SWIFT_OPTIMIZATION_LEVEL = "-O";
				VALIDATE_PRODUCT = YES;
			};
			name = Release;
		};
		5D6C5C5523ECA6BE00853061 /* Debug */ = {
			isa = XCBuildConfiguration;
			buildSettings = {
				ASSETCATALOG_COMPILER_APPICON_NAME = AppIcon;
				CODE_SIGN_STYLE = Automatic;
				DEVELOPMENT_TEAM = TA366CU42K;
				INFOPLIST_FILE = Example/Info.plist;
				LD_RUNPATH_SEARCH_PATHS = (
					"$(inherited)",
					"@executable_path/Frameworks",
				);
				PRODUCT_BUNDLE_IDENTIFIER = istvankreisz.Example;
				PRODUCT_NAME = "$(TARGET_NAME)";
				SWIFT_VERSION = 5.0;
				TARGETED_DEVICE_FAMILY = "1,2";
			};
			name = Debug;
		};
		5D6C5C5623ECA6BE00853061 /* Release */ = {
			isa = XCBuildConfiguration;
			buildSettings = {
				ASSETCATALOG_COMPILER_APPICON_NAME = AppIcon;
				CODE_SIGN_STYLE = Automatic;
				DEVELOPMENT_TEAM = TA366CU42K;
				INFOPLIST_FILE = Example/Info.plist;
				LD_RUNPATH_SEARCH_PATHS = (
					"$(inherited)",
					"@executable_path/Frameworks",
				);
				PRODUCT_BUNDLE_IDENTIFIER = istvankreisz.Example;
				PRODUCT_NAME = "$(TARGET_NAME)";
				SWIFT_VERSION = 5.0;
				TARGETED_DEVICE_FAMILY = "1,2";
			};
			name = Release;
		};
/* End XCBuildConfiguration section */

/* Begin XCConfigurationList section */
		5D6C5C3B23ECA6BD00853061 /* Build configuration list for PBXProject "Example" */ = {
			isa = XCConfigurationList;
			buildConfigurations = (
				5D6C5C5223ECA6BE00853061 /* Debug */,
				5D6C5C5323ECA6BE00853061 /* Release */,
			);
			defaultConfigurationIsVisible = 0;
			defaultConfigurationName = Release;
		};
		5D6C5C5423ECA6BE00853061 /* Build configuration list for PBXNativeTarget "Example" */ = {
			isa = XCConfigurationList;
			buildConfigurations = (
				5D6C5C5523ECA6BE00853061 /* Debug */,
				5D6C5C5623ECA6BE00853061 /* Release */,
			);
			defaultConfigurationIsVisible = 0;
			defaultConfigurationName = Release;
		};
/* End XCConfigurationList section */

/* Begin XCRemoteSwiftPackageReference section */
		5D6C5C6323ECC2A600853061 /* XCRemoteSwiftPackageReference "CombineRealm" */ = {
			isa = XCRemoteSwiftPackageReference;
			repositoryURL = "https://github.com/istvan-kreisz/CombineRealm.git";
			requirement = {
				kind = upToNextMajorVersion;
				minimumVersion = 0.1.0;
			};
		};
/* End XCRemoteSwiftPackageReference section */

/* Begin XCSwiftPackageProductDependency section */
		5D6C5C6423ECC2A600853061 /* CombineRealm */ = {
			isa = XCSwiftPackageProductDependency;
			package = 5D6C5C6323ECC2A600853061 /* XCRemoteSwiftPackageReference "CombineRealm" */;
			productName = CombineRealm;
		};
/* End XCSwiftPackageProductDependency section */
	};
	rootObject = 5D6C5C3823ECA6BD00853061 /* Project object */;
}
